{
  "name": "@types/react",
  "version": "0.0.0",
  "lockfileVersion": 3,
  "requires": true,
  "packages": {
    "": {
      "name": "@types/react",
      "version": "0.0.0",
      "dependencies": {
        "@types/react": "file:"
      }
    },
    "node_modules/@types/react": {
      "resolved": "",
      "link": true
    }
  }
}
